
Microsoft Visual Studio Solution File, Format Version 12.00
# Visual Studio Version 16
VisualStudioVersion = 16.0.32413.511
MinimumVisualStudioVersion = 10.0.40219.1
Project("{FAE04EC0-301F-11D3-BF4B-00C04F79EFBC}") = "TOKAtestSNDI", "TOKAtestSNDI.csproj", "{4CB094D8-2C5F-48E7-B229-67D37D5BA270}"
EndProject
Global
	GlobalSection(SolutionConfigurationPlatforms) = preSolution
		Debug|Any CPU = Debug|Any CPU
		Release|Any CPU = Release|Any CPU
	EndGlobalSection
	GlobalSection(ProjectConfigurationPlatforms) = postSolution
		{4CB094D8-2C5F-48E7-B229-67D37D5BA270}.Debug|Any CPU.ActiveCfg = Debug|Any CPU
		{4CB094D8-2C5F-48E7-B229-67D37D5BA270}.Debug|Any CPU.Build.0 = Debug|Any CPU
		{4CB094D8-2C5F-48E7-B229-67D37D5BA270}.Release|Any CPU.ActiveCfg = Release|Any CPU
		{4CB094D8-2C5F-48E7-B229-67D37D5BA270}.Release|Any CPU.Build.0 = Release|Any CPU
	EndGlobalSection
	GlobalSection(SolutionProperties) = preSolution
		HideSolutionNode = FALSE
	EndGlobalSection
	GlobalSection(ExtensibilityGlobals) = postSolution
		SolutionGuid = {3951CF73-6C2B-4FFB-A7AA-1857E15F34BF}
	EndGlobalSection
EndGlobal
